
Microsoft Visual Studio Solution File, Format Version 12.00
# Visual Studio 14
VisualStudioVersion = 14.0.25420.1
MinimumVisualStudioVersion = 10.0.40219.1
Project("{2150E333-8FDC-42A3-9474-1A3956D46DE8}") = "src", "src", "{7CCD0E64-B836-46F7-987B-6579C1EB57CE}"
EndProject
Project("{2150E333-8FDC-42A3-9474-1A3956D46DE8}") = "Solution Items", "Solution Items", "{F5F80ACA-9308-4DFF-A850-D3D85E97FFB1}"
	ProjectSection(SolutionItems) = preProject
		global.json = global.json
	EndProjectSection
EndProject
Project("{8BB2217D-0F2D-49D1-97BC-3654ED321F3B}") = "InvoiceApplication", "src\InvoiceApplication\InvoiceApplication.xproj", "{9C9B1DC2-2C09-45CC-8AD6-FFB0C8A49C03}"
EndProject
Global
	GlobalSection(SolutionConfigurationPlatforms) = preSolution
		Debug|Any CPU = Debug|Any CPU
		Release|Any CPU = Release|Any CPU
	EndGlobalSection
	GlobalSection(ProjectConfigurationPlatforms) = postSolution
		{9C9B1DC2-2C09-45CC-8AD6-FFB0C8A49C03}.Debug|Any CPU.ActiveCfg = Debug|Any CPU
		{9C9B1DC2-2C09-45CC-8AD6-FFB0C8A49C03}.Debug|Any CPU.Build.0 = Debug|Any CPU
		{9C9B1DC2-2C09-45CC-8AD6-FFB0C8A49C03}.Release|Any CPU.ActiveCfg = Release|Any CPU
		{9C9B1DC2-2C09-45CC-8AD6-FFB0C8A49C03}.Release|Any CPU.Build.0 = Release|Any CPU
	EndGlobalSection
	GlobalSection(SolutionProperties) = preSolution
		HideSolutionNode = FALSE
	EndGlobalSection
	GlobalSection(NestedProjects) = preSolution
		{9C9B1DC2-2C09-45CC-8AD6-FFB0C8A49C03} = {7CCD0E64-B836-46F7-987B-6579C1EB57CE}
	EndGlobalSection
EndGlobal
